// !$*UTF8*$!
{
	archiveVersion = 1;
	classes = {
	};
	objectVersion = 46;
	objects = {

/* Begin PBXBuildFile section */
		860233E319F9978B00B0F682 /* AppDelegate.swift in Sources */ = {isa = PBXBuildFile; fileRef = 860233E219F9978B00B0F682 /* AppDelegate.swift */; };
		860233E519F9978B00B0F682 /* ViewController.swift in Sources */ = {isa = PBXBuildFile; fileRef = 860233E419F9978B00B0F682 /* ViewController.swift */; };
		860233EA19F9978B00B0F682 /* Images.xcassets in Resources */ = {isa = PBXBuildFile; fileRef = 860233E919F9978B00B0F682 /* Images.xcassets */; };
		860233ED19F9978B00B0F682 /* LaunchScreen.xib in Resources */ = {isa = PBXBuildFile; fileRef = 860233EB19F9978B00B0F682 /* LaunchScreen.xib */; };
		860233F919F9978C00B0F682 /* ShareExtensionDemoTests.swift in Sources */ = {isa = PBXBuildFile; fileRef = 860233F819F9978C00B0F682 /* ShareExtensionDemoTests.swift */; };
		86BDBF5B1A6F50DD0069FEE9 /* html1.html in Resources */ = {isa = PBXBuildFile; fileRef = 86BDBF581A6F50DD0069FEE9 /* html1.html */; };
		86BDBF5C1A6F50DD0069FEE9 /* html2.html in Resources */ = {isa = PBXBuildFile; fileRef = 86BDBF591A6F50DD0069FEE9 /* html2.html */; };
		86E587941A70491200472156 /* webarchive1.webarchive in Resources */ = {isa = PBXBuildFile; fileRef = 86E587931A70491200472156 /* webarchive1.webarchive */; };
		86E587A41A7071C100472156 /* enex1.enex in Resources */ = {isa = PBXBuildFile; fileRef = 86E587A31A7071C100472156 /* enex1.enex */; };
/* End PBXBuildFile section */

/* Begin PBXContainerItemProxy section */
		860233F319F9978C00B0F682 /* PBXContainerItemProxy */ = {
			isa = PBXContainerItemProxy;
			containerPortal = 860233D519F9978B00B0F682 /* Project object */;
			proxyType = 1;
			remoteGlobalIDString = 860233DC19F9978B00B0F682;
			remoteInfo = ShareExtensionDemo;
		};
/* End PBXContainerItemProxy section */

/* Begin PBXFileReference section */
		860233DD19F9978B00B0F682 /* ShareExtensionDemo.app */ = {isa = PBXFileReference; explicitFileType = wrapper.application; includeInIndex = 0; path = ShareExtensionDemo.app; sourceTree = BUILT_PRODUCTS_DIR; };
		860233E119F9978B00B0F682 /* Info.plist */ = {isa = PBXFileReference; lastKnownFileType = text.plist.xml; path = Info.plist; sourceTree = "<group>"; };
		860233E219F9978B00B0F682 /* AppDelegate.swift */ = {isa = PBXFileReference; lastKnownFileType = sourcecode.swift; path = AppDelegate.swift; sourceTree = "<group>"; };
		860233E419F9978B00B0F682 /* ViewController.swift */ = {isa = PBXFileReference; lastKnownFileType = sourcecode.swift; path = ViewController.swift; sourceTree = "<group>"; };
		860233E919F9978B00B0F682 /* Images.xcassets */ = {isa = PBXFileReference; lastKnownFileType = folder.assetcatalog; path = Images.xcassets; sourceTree = "<group>"; };
		860233EC19F9978B00B0F682 /* Base */ = {isa = PBXFileReference; lastKnownFileType = file.xib; name = Base; path = Base.lproj/LaunchScreen.xib; sourceTree = "<group>"; };
		860233F219F9978C00B0F682 /* ShareExtensionDemoTests.xctest */ = {isa = PBXFileReference; explicitFileType = wrapper.cfbundle; includeInIndex = 0; path = ShareExtensionDemoTests.xctest; sourceTree = BUILT_PRODUCTS_DIR; };
		860233F719F9978C00B0F682 /* Info.plist */ = {isa = PBXFileReference; lastKnownFileType = text.plist.xml; path = Info.plist; sourceTree = "<group>"; };
		860233F819F9978C00B0F682 /* ShareExtensionDemoTests.swift */ = {isa = PBXFileReference; lastKnownFileType = sourcecode.swift; path = ShareExtensionDemoTests.swift; sourceTree = "<group>"; };
		86BDBF581A6F50DD0069FEE9 /* html1.html */ = {isa = PBXFileReference; fileEncoding = 4; lastKnownFileType = text.html; path = html1.html; sourceTree = "<group>"; };
		86BDBF591A6F50DD0069FEE9 /* html2.html */ = {isa = PBXFileReference; fileEncoding = 4; lastKnownFileType = text.html; path = html2.html; sourceTree = "<group>"; };
		86E587931A70491200472156 /* webarchive1.webarchive */ = {isa = PBXFileReference; lastKnownFileType = file.bplist; path = webarchive1.webarchive; sourceTree = "<group>"; };
		86E587A31A7071C100472156 /* enex1.enex */ = {isa = PBXFileReference; fileEncoding = 4; lastKnownFileType = text.xml; path = enex1.enex; sourceTree = "<group>"; };
/* End PBXFileReference section */

/* Begin PBXFrameworksBuildPhase section */
		860233DA19F9978B00B0F682 /* Frameworks */ = {
			isa = PBXFrameworksBuildPhase;
			buildActionMask = 2147483647;
			files = (
			);
			runOnlyForDeploymentPostprocessing = 0;
		};
		860233EF19F9978C00B0F682 /* Frameworks */ = {
			isa = PBXFrameworksBuildPhase;
			buildActionMask = 2147483647;
			files = (
			);
			runOnlyForDeploymentPostprocessing = 0;
		};
/* End PBXFrameworksBuildPhase section */

/* Begin PBXGroup section */
		860233D419F9978B00B0F682 = {
			isa = PBXGroup;
			children = (
				860233DF19F9978B00B0F682 /* ShareExtensionDemo */,
				860233F519F9978C00B0F682 /* ShareExtensionDemoTests */,
				860233DE19F9978B00B0F682 /* Products */,
			);
			sourceTree = "<group>";
		};
		860233DE19F9978B00B0F682 /* Products */ = {
			isa = PBXGroup;
			children = (
				860233DD19F9978B00B0F682 /* ShareExtensionDemo.app */,
				860233F219F9978C00B0F682 /* ShareExtensionDemoTests.xctest */,
			);
			name = Products;
			sourceTree = "<group>";
		};
		860233DF19F9978B00B0F682 /* ShareExtensionDemo */ = {
			isa = PBXGroup;
			children = (
				86E587A31A7071C100472156 /* enex1.enex */,
				86E587931A70491200472156 /* webarchive1.webarchive */,
				86BDBF581A6F50DD0069FEE9 /* html1.html */,
				86BDBF591A6F50DD0069FEE9 /* html2.html */,
				860233E219F9978B00B0F682 /* AppDelegate.swift */,
				860233E419F9978B00B0F682 /* ViewController.swift */,
				860233E919F9978B00B0F682 /* Images.xcassets */,
				860233EB19F9978B00B0F682 /* LaunchScreen.xib */,
				860233E019F9978B00B0F682 /* Supporting Files */,
			);
			path = ShareExtensionDemo;
			sourceTree = "<group>";
		};
		860233E019F9978B00B0F682 /* Supporting Files */ = {
			isa = PBXGroup;
			children = (
				860233E119F9978B00B0F682 /* Info.plist */,
			);
			name = "Supporting Files";
			sourceTree = "<group>";
		};
		860233F519F9978C00B0F682 /* ShareExtensionDemoTests */ = {
			isa = PBXGroup;
			children = (
				860233F819F9978C00B0F682 /* ShareExtensionDemoTests.swift */,
				860233F619F9978C00B0F682 /* Supporting Files */,
			);
			path = ShareExtensionDemoTests;
			sourceTree = "<group>";
		};
		860233F619F9978C00B0F682 /* Supporting Files */ = {
			isa = PBXGroup;
			children = (
				860233F719F9978C00B0F682 /* Info.plist */,
			);
			name = "Supporting Files";
			sourceTree = "<group>";
		};
/* End PBXGroup section */

/* Begin PBXNativeTarget section */
		860233DC19F9978B00B0F682 /* ShareExtensionDemo */ = {
			isa = PBXNativeTarget;
			buildConfigurationList = 860233FC19F9978C00B0F682 /* Build configuration list for PBXNativeTarget "ShareExtensionDemo" */;
			buildPhases = (
				860233D919F9978B00B0F682 /* Sources */,
				860233DA19F9978B00B0F682 /* Frameworks */,
				860233DB19F9978B00B0F682 /* Resources */,
			);
			buildRules = (
			);
			dependencies = (
			);
			name = ShareExtensionDemo;
			productName = ShareExtensionDemo;
			productReference = 860233DD19F9978B00B0F682 /* ShareExtensionDemo.app */;
			productType = "com.apple.product-type.application";
		};
		860233F119F9978C00B0F682 /* ShareExtensionDemoTests */ = {
			isa = PBXNativeTarget;
			buildConfigurationList = 860233FF19F9978C00B0F682 /* Build configuration list for PBXNativeTarget "ShareExtensionDemoTests" */;
			buildPhases = (
				860233EE19F9978C00B0F682 /* Sources */,
				860233EF19F9978C00B0F682 /* Frameworks */,
				860233F019F9978C00B0F682 /* Resources */,
			);
			buildRules = (
			);
			dependencies = (
				860233F419F9978C00B0F682 /* PBXTargetDependency */,
			);
			name = ShareExtensionDemoTests;
			productName = ShareExtensionDemoTests;
			productReference = 860233F219F9978C00B0F682 /* ShareExtensionDemoTests.xctest */;
			productType = "com.apple.product-type.bundle.unit-test";
		};
/* End PBXNativeTarget section */

/* Begin PBXProject section */
		860233D519F9978B00B0F682 /* Project object */ = {
			isa = PBXProject;
			attributes = {
				LastUpgradeCheck = 0610;
				ORGANIZATIONNAME = "Evernote Corporation";
				TargetAttributes = {
					860233DC19F9978B00B0F682 = {
						CreatedOnToolsVersion = 6.1;
					};
					860233F119F9978C00B0F682 = {
						CreatedOnToolsVersion = 6.1;
						TestTargetID = 860233DC19F9978B00B0F682;
					};
				};
			};
			buildConfigurationList = 860233D819F9978B00B0F682 /* Build configuration list for PBXProject "ShareExtensionDemo" */;
			compatibilityVersion = "Xcode 3.2";
			developmentRegion = English;
			hasScannedForEncodings = 0;
			knownRegions = (
				en,
				Base,
			);
			mainGroup = 860233D419F9978B00B0F682;
			productRefGroup = 860233DE19F9978B00B0F682 /* Products */;
			projectDirPath = "";
			projectRoot = "";
			targets = (
				860233DC19F9978B00B0F682 /* ShareExtensionDemo */,
				860233F119F9978C00B0F682 /* ShareExtensionDemoTests */,
			);
		};
/* End PBXProject section */

/* Begin PBXResourcesBuildPhase section */
		860233DB19F9978B00B0F682 /* Resources */ = {
			isa = PBXResourcesBuildPhase;
			buildActionMask = 2147483647;
			files = (
				86BDBF5B1A6F50DD0069FEE9 /* html1.html in Resources */,
				86BDBF5C1A6F50DD0069FEE9 /* html2.html in Resources */,
				860233ED19F9978B00B0F682 /* LaunchScreen.xib in Resources */,
				860233EA19F9978B00B0F682 /* Images.xcassets in Resources */,
				86E587941A70491200472156 /* webarchive1.webarchive in Resources */,
				86E587A41A7071C100472156 /* enex1.enex in Resources */,
			);
			runOnlyForDeploymentPostprocessing = 0;
		};
		860233F019F9978C00B0F682 /* Resources */ = {
			isa = PBXResourcesBuildPhase;
			buildActionMask = 2147483647;
			files = (
			);
			runOnlyForDeploymentPostprocessing = 0;
		};
/* End PBXResourcesBuildPhase section */

/* Begin PBXSourcesBuildPhase section */
		860233D919F9978B00B0F682 /* Sources */ = {
			isa = PBXSourcesBuildPhase;
			buildActionMask = 2147483647;
			files = (
				860233E519F9978B00B0F682 /* ViewController.swift in Sources */,
				860233E319F9978B00B0F682 /* AppDelegate.swift in Sources */,
			);
			runOnlyForDeploymentPostprocessing = 0;
		};
		860233EE19F9978C00B0F682 /* Sources */ = {
			isa = PBXSourcesBuildPhase;
			buildActionMask = 2147483647;
			files = (
				860233F919F9978C00B0F682 /* ShareExtensionDemoTests.swift in Sources */,
			);
			runOnlyForDeploymentPostprocessing = 0;
		};
/* End PBXSourcesBuildPhase section */

/* Begin PBXTargetDependency section */
		860233F419F9978C00B0F682 /* PBXTargetDependency */ = {
			isa = PBXTargetDependency;
			target = 860233DC19F9978B00B0F682 /* ShareExtensionDemo */;
			targetProxy = 860233F319F9978C00B0F682 /* PBXContainerItemProxy */;
		};
/* End PBXTargetDependency section */

/* Begin PBXVariantGroup section */
		860233EB19F9978B00B0F682 /* LaunchScreen.xib */ = {
			isa = PBXVariantGroup;
			children = (
				860233EC19F9978B00B0F682 /* Base */,
			);
			name = LaunchScreen.xib;
			sourceTree = "<group>";
		};
/* End PBXVariantGroup section */

/* Begin XCBuildConfiguration section */
		860233FA19F9978C00B0F682 /* Debug */ = {
			isa = XCBuildConfiguration;
			buildSettings = {
				ALWAYS_SEARCH_USER_PATHS = NO;
				CLANG_CXX_LANGUAGE_STANDARD = "gnu++0x";
				CLANG_CXX_LIBRARY = "libc++";
				CLANG_ENABLE_MODULES = YES;
				CLANG_ENABLE_OBJC_ARC = YES;
				CLANG_WARN_BOOL_CONVERSION = YES;
				CLANG_WARN_CONSTANT_CONVERSION = YES;
				CLANG_WARN_DIRECT_OBJC_ISA_USAGE = YES_ERROR;
				CLANG_WARN_EMPTY_BODY = YES;
				CLANG_WARN_ENUM_CONVERSION = YES;
				CLANG_WARN_INT_CONVERSION = YES;
				CLANG_WARN_OBJC_ROOT_CLASS = YES_ERROR;
				CLANG_WARN_UNREACHABLE_CODE = YES;
				CLANG_WARN__DUPLICATE_METHOD_MATCH = YES;
				"CODE_SIGN_IDENTITY[sdk=iphoneos*]" = "iPhone Developer";
				COPY_PHASE_STRIP = NO;
				ENABLE_STRICT_OBJC_MSGSEND = YES;
				GCC_C_LANGUAGE_STANDARD = gnu99;
				GCC_DYNAMIC_NO_PIC = NO;
				GCC_OPTIMIZATION_LEVEL = 0;
				GCC_PREPROCESSOR_DEFINITIONS = (
					"DEBUG=1",
					"$(inherited)",
				);
				GCC_SYMBOLS_PRIVATE_EXTERN = NO;
				GCC_WARN_64_TO_32_BIT_CONVERSION = YES;
				GCC_WARN_ABOUT_RETURN_TYPE = YES_ERROR;
				GCC_WARN_UNDECLARED_SELECTOR = YES;
				GCC_WARN_UNINITIALIZED_AUTOS = YES_AGGRESSIVE;
				GCC_WARN_UNUSED_FUNCTION = YES;
				GCC_WARN_UNUSED_VARIABLE = YES;
				IPHONEOS_DEPLOYMENT_TARGET = 8.1;
				MTL_ENABLE_DEBUG_INFO = YES;
				ONLY_ACTIVE_ARCH = YES;
				SDKROOT = iphoneos;
				SWIFT_OPTIMIZATION_LEVEL = "-Onone";
				TARGETED_DEVICE_FAMILY = "1,2";
			};
			name = Debug;
		};
		860233FB19F9978C00B0F682 /* Release */ = {
			isa = XCBuildConfiguration;
			buildSettings = {
				ALWAYS_SEARCH_USER_PATHS = NO;
				CLANG_CXX_LANGUAGE_STANDARD = "gnu++0x";
				CLANG_CXX_LIBRARY = "libc++";
				CLANG_ENABLE_MODULES = YES;
				CLANG_ENABLE_OBJC_ARC = YES;
				CLANG_WARN_BOOL_CONVERSION = YES;
				CLANG_WARN_CONSTANT_CONVERSION = YES;
				CLANG_WARN_DIRECT_OBJC_ISA_USAGE = YES_ERROR;
				CLANG_WARN_EMPTY_BODY = YES;
				CLANG_WARN_ENUM_CONVERSION = YES;
				CLANG_WARN_INT_CONVERSION = YES;
				CLANG_WARN_OBJC_ROOT_CLASS = YES_ERROR;
				CLANG_WARN_UNREACHABLE_CODE = YES;
				CLANG_WARN__DUPLICATE_METHOD_MATCH = YES;
				"CODE_SIGN_IDENTITY[sdk=iphoneos*]" = "iPhone Developer";
				COPY_PHASE_STRIP = YES;
				ENABLE_NS_ASSERTIONS = NO;
				ENABLE_STRICT_OBJC_MSGSEND = YES;
				GCC_C_LANGUAGE_STANDARD = gnu99;
				GCC_WARN_64_TO_32_BIT_CONVERSION = YES;
				GCC_WARN_ABOUT_RETURN_TYPE = YES_ERROR;
				GCC_WARN_UNDECLARED_SELECTOR = YES;
				GCC_WARN_UNINITIALIZED_AUTOS = YES_AGGRESSIVE;
				GCC_WARN_UNUSED_FUNCTION = YES;
				GCC_WARN_UNUSED_VARIABLE = YES;
				IPHONEOS_DEPLOYMENT_TARGET = 8.1;
				MTL_ENABLE_DEBUG_INFO = NO;
				SDKROOT = iphoneos;
				TARGETED_DEVICE_FAMILY = "1,2";
				VALIDATE_PRODUCT = YES;
			};
			name = Release;
		};
		860233FD19F9978C00B0F682 /* Debug */ = {
			isa = XCBuildConfiguration;
			buildSettings = {
				ASSETCATALOG_COMPILER_APPICON_NAME = AppIcon;
				INFOPLIST_FILE = ShareExtensionDemo/Info.plist;
				LD_RUNPATH_SEARCH_PATHS = "$(inherited) @executable_path/Frameworks";
				PRODUCT_NAME = "$(TARGET_NAME)";
			};
			name = Debug;
		};
		860233FE19F9978C00B0F682 /* Release */ = {
			isa = XCBuildConfiguration;
			buildSettings = {
				ASSETCATALOG_COMPILER_APPICON_NAME = AppIcon;
				INFOPLIST_FILE = ShareExtensionDemo/Info.plist;
				LD_RUNPATH_SEARCH_PATHS = "$(inherited) @executable_path/Frameworks";
				PRODUCT_NAME = "$(TARGET_NAME)";
			};
			name = Release;
		};
		8602340019F9978C00B0F682 /* Debug */ = {
			isa = XCBuildConfiguration;
			buildSettings = {
				BUNDLE_LOADER = "$(TEST_HOST)";
				FRAMEWORK_SEARCH_PATHS = (
					"$(SDKROOT)/Developer/Library/Frameworks",
					"$(inherited)",
				);
				GCC_PREPROCESSOR_DEFINITIONS = (
					"DEBUG=1",
					"$(inherited)",
				);
				INFOPLIST_FILE = ShareExtensionDemoTests/Info.plist;
				LD_RUNPATH_SEARCH_PATHS = "$(inherited) @executable_path/Frameworks @loader_path/Frameworks";
				PRODUCT_NAME = "$(TARGET_NAME)";
				TEST_HOST = "$(BUILT_PRODUCTS_DIR)/ShareExtensionDemo.app/ShareExtensionDemo";
			};
			name = Debug;
		};
		8602340119F9978C00B0F682 /* Release */ = {
			isa = XCBuildConfiguration;
			buildSettings = {
				BUNDLE_LOADER = "$(TEST_HOST)";
				FRAMEWORK_SEARCH_PATHS = (
					"$(SDKROOT)/Developer/Library/Frameworks",
					"$(inherited)",
				);
				INFOPLIST_FILE = ShareExtensionDemoTests/Info.plist;
				LD_RUNPATH_SEARCH_PATHS = "$(inherited) @executable_path/Frameworks @loader_path/Frameworks";
				PRODUCT_NAME = "$(TARGET_NAME)";
				TEST_HOST = "$(BUILT_PRODUCTS_DIR)/ShareExtensionDemo.app/ShareExtensionDemo";
			};
			name = Release;
		};
/* End XCBuildConfiguration section */

/* Begin XCConfigurationList section */
		860233D819F9978B00B0F682 /* Build configuration list for PBXProject "ShareExtensionDemo" */ = {
			isa = XCConfigurationList;
			buildConfigurations = (
				860233FA19F9978C00B0F682 /* Debug */,
				860233FB19F9978C00B0F682 /* Release */,
			);
			defaultConfigurationIsVisible = 0;
			defaultConfigurationName = Release;
		};
		860233FC19F9978C00B0F682 /* Build configuration list for PBXNativeTarget "ShareExtensionDemo" */ = {
			isa = XCConfigurationList;
			buildConfigurations = (
				860233FD19F9978C00B0F682 /* Debug */,
				860233FE19F9978C00B0F682 /* Release */,
			);
			defaultConfigurationIsVisible = 0;
			defaultConfigurationName = Release;
		};
		860233FF19F9978C00B0F682 /* Build configuration list for PBXNativeTarget "ShareExtensionDemoTests" */ = {
			isa = XCConfigurationList;
			buildConfigurations = (
				8602340019F9978C00B0F682 /* Debug */,
				8602340119F9978C00B0F682 /* Release */,
			);
			defaultConfigurationIsVisible = 0;
			defaultConfigurationName = Release;
		};
/* End XCConfigurationList section */
	};
	rootObject = 860233D519F9978B00B0F682 /* Project object */;
}
